// !$*UTF8*$!
{
	archiveVersion = 1;
	classes = {
	};
	objectVersion = 50;
	objects = {

/* Begin PBXBuildFile section */
		04A6511721A4FB48008D643B /* AppDelegate.swift in Sources */ = {isa = PBXBuildFile; fileRef = 04A6511621A4FB48008D643B /* AppDelegate.swift */; };
		04A6511921A4FB48008D643B /* ViewController.swift in Sources */ = {isa = PBXBuildFile; fileRef = 04A6511821A4FB48008D643B /* ViewController.swift */; };
		04A6511C21A4FB48008D643B /* Main.storyboard in Resources */ = {isa = PBXBuildFile; fileRef = 04A6511A21A4FB48008D643B /* Main.storyboard */; };
		04A6511E21A4FB4A008D643B /* Assets.xcassets in Resources */ = {isa = PBXBuildFile; fileRef = 04A6511D21A4FB4A008D643B /* Assets.xcassets */; };
		04A6512121A4FB4A008D643B /* LaunchScreen.storyboard in Resources */ = {isa = PBXBuildFile; fileRef = 04A6511F21A4FB4A008D643B /* LaunchScreen.storyboard */; };
		04A6512C21A4FB4A008D643B /* guessTests.swift in Sources */ = {isa = PBXBuildFile; fileRef = 04A6512B21A4FB4A008D643B /* guessTests.swift */; };
		04A6513721A4FB4A008D643B /* guessUITests.swift in Sources */ = {isa = PBXBuildFile; fileRef = 04A6513621A4FB4A008D643B /* guessUITests.swift */; };
/* End PBXBuildFile section */

/* Begin PBXContainerItemProxy section */
		04A6512821A4FB4A008D643B /* PBXContainerItemProxy */ = {
			isa = PBXContainerItemProxy;
			containerPortal = 04A6510B21A4FB48008D643B /* Project object */;
			proxyType = 1;
			remoteGlobalIDString = 04A6511221A4FB48008D643B;
			remoteInfo = guess;
		};
		04A6513321A4FB4A008D643B /* PBXContainerItemProxy */ = {
			isa = PBXContainerItemProxy;
			containerPortal = 04A6510B21A4FB48008D643B /* Project object */;
			proxyType = 1;
			remoteGlobalIDString = 04A6511221A4FB48008D643B;
			remoteInfo = guess;
		};
/* End PBXContainerItemProxy section */

/* Begin PBXFileReference section */
		04A6511321A4FB48008D643B /* guess.app */ = {isa = PBXFileReference; explicitFileType = wrapper.application; includeInIndex = 0; path = guess.app; sourceTree = BUILT_PRODUCTS_DIR; };
		04A6511621A4FB48008D643B /* AppDelegate.swift */ = {isa = PBXFileReference; lastKnownFileType = sourcecode.swift; path = AppDelegate.swift; sourceTree = "<group>"; };
		04A6511821A4FB48008D643B /* ViewController.swift */ = {isa = PBXFileReference; lastKnownFileType = sourcecode.swift; path = ViewController.swift; sourceTree = "<group>"; };
		04A6511B21A4FB48008D643B /* Base */ = {isa = PBXFileReference; lastKnownFileType = file.storyboard; name = Base; path = Base.lproj/Main.storyboard; sourceTree = "<group>"; };
		04A6511D21A4FB4A008D643B /* Assets.xcassets */ = {isa = PBXFileReference; lastKnownFileType = folder.assetcatalog; path = Assets.xcassets; sourceTree = "<group>"; };
		04A6512021A4FB4A008D643B /* Base */ = {isa = PBXFileReference; lastKnownFileType = file.storyboard; name = Base; path = Base.lproj/LaunchScreen.storyboard; sourceTree = "<group>"; };
		04A6512221A4FB4A008D643B /* Info.plist */ = {isa = PBXFileReference; lastKnownFileType = text.plist.xml; path = Info.plist; sourceTree = "<group>"; };
		04A6512721A4FB4A008D643B /* guessTests.xctest */ = {isa = PBXFileReference; explicitFileType = wrapper.cfbundle; includeInIndex = 0; path = guessTests.xctest; sourceTree = BUILT_PRODUCTS_DIR; };
		04A6512B21A4FB4A008D643B /* guessTests.swift */ = {isa = PBXFileReference; lastKnownFileType = sourcecode.swift; path = guessTests.swift; sourceTree = "<group>"; };
		04A6512D21A4FB4A008D643B /* Info.plist */ = {isa = PBXFileReference; lastKnownFileType = text.plist.xml; path = Info.plist; sourceTree = "<group>"; };
		04A6513221A4FB4A008D643B /* guessUITests.xctest */ = {isa = PBXFileReference; explicitFileType = wrapper.cfbundle; includeInIndex = 0; path = guessUITests.xctest; sourceTree = BUILT_PRODUCTS_DIR; };
		04A6513621A4FB4A008D643B /* guessUITests.swift */ = {isa = PBXFileReference; lastKnownFileType = sourcecode.swift; path = guessUITests.swift; sourceTree = "<group>"; };
		04A6513821A4FB4A008D643B /* Info.plist */ = {isa = PBXFileReference; lastKnownFileType = text.plist.xml; path = Info.plist; sourceTree = "<group>"; };
/* End PBXFileReference section */

/* Begin PBXFrameworksBuildPhase section */
		04A6511021A4FB48008D643B /* Frameworks */ = {
			isa = PBXFrameworksBuildPhase;
			buildActionMask = 2147483647;
			files = (
			);
			runOnlyForDeploymentPostprocessing = 0;
		};
		04A6512421A4FB4A008D643B /* Frameworks */ = {
			isa = PBXFrameworksBuildPhase;
			buildActionMask = 2147483647;
			files = (
			);
			runOnlyForDeploymentPostprocessing = 0;
		};
		04A6512F21A4FB4A008D643B /* Frameworks */ = {
			isa = PBXFrameworksBuildPhase;
			buildActionMask = 2147483647;
			files = (
			);
			runOnlyForDeploymentPostprocessing = 0;
		};
/* End PBXFrameworksBuildPhase section */

/* Begin PBXGroup section */
		04A6510A21A4FB48008D643B = {
			isa = PBXGroup;
			children = (
				04A6511521A4FB48008D643B /* guess */,
				04A6512A21A4FB4A008D643B /* guessTests */,
				04A6513521A4FB4A008D643B /* guessUITests */,
				04A6511421A4FB48008D643B /* Products */,
			);
			sourceTree = "<group>";
		};
		04A6511421A4FB48008D643B /* Products */ = {
			isa = PBXGroup;
			children = (
				04A6511321A4FB48008D643B /* guess.app */,
				04A6512721A4FB4A008D643B /* guessTests.xctest */,
				04A6513221A4FB4A008D643B /* guessUITests.xctest */,
			);
			name = Products;
			sourceTree = "<group>";
		};
		04A6511521A4FB48008D643B /* guess */ = {
			isa = PBXGroup;
			children = (
				04A6511621A4FB48008D643B /* AppDelegate.swift */,
				04A6511821A4FB48008D643B /* ViewController.swift */,
				04A6511A21A4FB48008D643B /* Main.storyboard */,
				04A6511D21A4FB4A008D643B /* Assets.xcassets */,
				04A6511F21A4FB4A008D643B /* LaunchScreen.storyboard */,
				04A6512221A4FB4A008D643B /* Info.plist */,
			);
			path = guess;
			sourceTree = "<group>";
		};
		04A6512A21A4FB4A008D643B /* guessTests */ = {
			isa = PBXGroup;
			children = (
				04A6512B21A4FB4A008D643B /* guessTests.swift */,
				04A6512D21A4FB4A008D643B /* Info.plist */,
			);
			path = guessTests;
			sourceTree = "<group>";
		};
		04A6513521A4FB4A008D643B /* guessUITests */ = {
			isa = PBXGroup;
			children = (
				04A6513621A4FB4A008D643B /* guessUITests.swift */,
				04A6513821A4FB4A008D643B /* Info.plist */,
			);
			path = guessUITests;
			sourceTree = "<group>";
		};
/* End PBXGroup section */

/* Begin PBXNativeTarget section */
		04A6511221A4FB48008D643B /* guess */ = {
			isa = PBXNativeTarget;
			buildConfigurationList = 04A6513B21A4FB4A008D643B /* Build configuration list for PBXNativeTarget "guess" */;
			buildPhases = (
				04A6510F21A4FB48008D643B /* Sources */,
				04A6511021A4FB48008D643B /* Frameworks */,
				04A6511121A4FB48008D643B /* Resources */,
			);
			buildRules = (
			);
			dependencies = (
			);
			name = guess;
			productName = guess;
			productReference = 04A6511321A4FB48008D643B /* guess.app */;
			productType = "com.apple.product-type.application";
		};
		04A6512621A4FB4A008D643B /* guessTests */ = {
			isa = PBXNativeTarget;
			buildConfigurationList = 04A6513E21A4FB4A008D643B /* Build configuration list for PBXNativeTarget "guessTests" */;
			buildPhases = (
				04A6512321A4FB4A008D643B /* Sources */,
				04A6512421A4FB4A008D643B /* Frameworks */,
				04A6512521A4FB4A008D643B /* Resources */,
			);
			buildRules = (
			);
			dependencies = (
				04A6512921A4FB4A008D643B /* PBXTargetDependency */,
			);
			name = guessTests;
			productName = guessTests;
			productReference = 04A6512721A4FB4A008D643B /* guessTests.xctest */;
			productType = "com.apple.product-type.bundle.unit-test";
		};
		04A6513121A4FB4A008D643B /* guessUITests */ = {
			isa = PBXNativeTarget;
			buildConfigurationList = 04A6514121A4FB4A008D643B /* Build configuration list for PBXNativeTarget "guessUITests" */;
			buildPhases = (
				04A6512E21A4FB4A008D643B /* Sources */,
				04A6512F21A4FB4A008D643B /* Frameworks */,
				04A6513021A4FB4A008D643B /* Resources */,
			);
			buildRules = (
			);
			dependencies = (
				04A6513421A4FB4A008D643B /* PBXTargetDependency */,
			);
			name = guessUITests;
			productName = guessUITests;
			productReference = 04A6513221A4FB4A008D643B /* guessUITests.xctest */;
			productType = "com.apple.product-type.bundle.ui-testing";
		};
/* End PBXNativeTarget section */

/* Begin PBXProject section */
		04A6510B21A4FB48008D643B /* Project object */ = {
			isa = PBXProject;
			attributes = {
				LastSwiftUpdateCheck = 1000;
				LastUpgradeCheck = 1000;
				ORGANIZATIONNAME = 20161104581;
				TargetAttributes = {
					04A6511221A4FB48008D643B = {
						CreatedOnToolsVersion = 10.0;
					};
					04A6512621A4FB4A008D643B = {
						CreatedOnToolsVersion = 10.0;
						TestTargetID = 04A6511221A4FB48008D643B;
					};
					04A6513121A4FB4A008D643B = {
						CreatedOnToolsVersion = 10.0;
						TestTargetID = 04A6511221A4FB48008D643B;
					};
				};
			};
			buildConfigurationList = 04A6510E21A4FB48008D643B /* Build configuration list for PBXProject "guess" */;
			compatibilityVersion = "Xcode 9.3";
			developmentRegion = en;
			hasScannedForEncodings = 0;
			knownRegions = (
				en,
				Base,
			);
			mainGroup = 04A6510A21A4FB48008D643B;
			productRefGroup = 04A6511421A4FB48008D643B /* Products */;
			projectDirPath = "";
			projectRoot = "";
			targets = (
				04A6511221A4FB48008D643B /* guess */,
				04A6512621A4FB4A008D643B /* guessTests */,
				04A6513121A4FB4A008D643B /* guessUITests */,
			);
		};
/* End PBXProject section */

/* Begin PBXResourcesBuildPhase section */
		04A6511121A4FB48008D643B /* Resources */ = {
			isa = PBXResourcesBuildPhase;
			buildActionMask = 2147483647;
			files = (
				04A6512121A4FB4A008D643B /* LaunchScreen.storyboard in Resources */,
				04A6511E21A4FB4A008D643B /* Assets.xcassets in Resources */,
				04A6511C21A4FB48008D643B /* Main.storyboard in Resources */,
			);
			runOnlyForDeploymentPostprocessing = 0;
		};
		04A6512521A4FB4A008D643B /* Resources */ = {
			isa = PBXResourcesBuildPhase;
			buildActionMask = 2147483647;
			files = (
			);
			runOnlyForDeploymentPostprocessing = 0;
		};
		04A6513021A4FB4A008D643B /* Resources */ = {
			isa = PBXResourcesBuildPhase;
			buildActionMask = 2147483647;
			files = (
			);
			runOnlyForDeploymentPostprocessing = 0;
		};
/* End PBXResourcesBuildPhase section */

/* Begin PBXSourcesBuildPhase section */
		04A6510F21A4FB48008D643B /* Sources */ = {
			isa = PBXSourcesBuildPhase;
			buildActionMask = 2147483647;
			files = (
				04A6511921A4FB48008D643B /* ViewController.swift in Sources */,
				04A6511721A4FB48008D643B /* AppDelegate.swift in Sources */,
			);
			runOnlyForDeploymentPostprocessing = 0;
		};
		04A6512321A4FB4A008D643B /* Sources */ = {
			isa = PBXSourcesBuildPhase;
			buildActionMask = 2147483647;
			files = (
				04A6512C21A4FB4A008D643B /* guessTests.swift in Sources */,
			);
			runOnlyForDeploymentPostprocessing = 0;
		};
		04A6512E21A4FB4A008D643B /* Sources */ = {
			isa = PBXSourcesBuildPhase;
			buildActionMask = 2147483647;
			files = (
				04A6513721A4FB4A008D643B /* guessUITests.swift in Sources */,
			);
			runOnlyForDeploymentPostprocessing = 0;
		};
/* End PBXSourcesBuildPhase section */

/* Begin PBXTargetDependency section */
		04A6512921A4FB4A008D643B /* PBXTargetDependency */ = {
			isa = PBXTargetDependency;
			target = 04A6511221A4FB48008D643B /* guess */;
			targetProxy = 04A6512821A4FB4A008D643B /* PBXContainerItemProxy */;
		};
		04A6513421A4FB4A008D643B /* PBXTargetDependency */ = {
			isa = PBXTargetDependency;
			target = 04A6511221A4FB48008D643B /* guess */;
			targetProxy = 04A6513321A4FB4A008D643B /* PBXContainerItemProxy */;
		};
/* End PBXTargetDependency section */

/* Begin PBXVariantGroup section */
		04A6511A21A4FB48008D643B /* Main.storyboard */ = {
			isa = PBXVariantGroup;
			children = (
				04A6511B21A4FB48008D643B /* Base */,
			);
			name = Main.storyboard;
			sourceTree = "<group>";
		};
		04A6511F21A4FB4A008D643B /* LaunchScreen.storyboard */ = {
			isa = PBXVariantGroup;
			children = (
				04A6512021A4FB4A008D643B /* Base */,
			);
			name = LaunchScreen.storyboard;
			sourceTree = "<group>";
		};
/* End PBXVariantGroup section */

/* Begin XCBuildConfiguration section */
		04A6513921A4FB4A008D643B /* Debug */ = {
			isa = XCBuildConfiguration;
			buildSettings = {
				ALWAYS_SEARCH_USER_PATHS = NO;
				CLANG_ANALYZER_NONNULL = YES;
				CLANG_ANALYZER_NUMBER_OBJECT_CONVERSION = YES_AGGRESSIVE;
				CLANG_CXX_LANGUAGE_STANDARD = "gnu++14";
				CLANG_CXX_LIBRARY = "libc++";
				CLANG_ENABLE_MODULES = YES;
				CLANG_ENABLE_OBJC_ARC = YES;
				CLANG_ENABLE_OBJC_WEAK = YES;
				CLANG_WARN_BLOCK_CAPTURE_AUTORELEASING = YES;
				CLANG_WARN_BOOL_CONVERSION = YES;
				CLANG_WARN_COMMA = YES;
				CLANG_WARN_CONSTANT_CONVERSION = YES;
				CLANG_WARN_DEPRECATED_OBJC_IMPLEMENTATIONS = YES;
				CLANG_WARN_DIRECT_OBJC_ISA_USAGE = YES_ERROR;
				CLANG_WARN_DOCUMENTATION_COMMENTS = YES;
				CLANG_WARN_EMPTY_BODY = YES;
				CLANG_WARN_ENUM_CONVERSION = YES;
				CLANG_WARN_INFINITE_RECURSION = YES;
				CLANG_WARN_INT_CONVERSION = YES;
				CLANG_WARN_NON_LITERAL_NULL_CONVERSION = YES;
				CLANG_WARN_OBJC_IMPLICIT_RETAIN_SELF = YES;
				CLANG_WARN_OBJC_LITERAL_CONVERSION = YES;
				CLANG_WARN_OBJC_ROOT_CLASS = YES_ERROR;
				CLANG_WARN_RANGE_LOOP_ANALYSIS = YES;
				CLANG_WARN_STRICT_PROTOTYPES = YES;
				CLANG_WARN_SUSPICIOUS_MOVE = YES;
				CLANG_WARN_UNGUARDED_AVAILABILITY = YES_AGGRESSIVE;
				CLANG_WARN_UNREACHABLE_CODE = YES;
				CLANG_WARN__DUPLICATE_METHOD_MATCH = YES;
				CODE_SIGN_IDENTITY = "iPhone Developer";
				COPY_PHASE_STRIP = NO;
				DEBUG_INFORMATION_FORMAT = dwarf;
				ENABLE_STRICT_OBJC_MSGSEND = YES;
				ENABLE_TESTABILITY = YES;
				GCC_C_LANGUAGE_STANDARD = gnu11;
				GCC_DYNAMIC_NO_PIC = NO;
				GCC_NO_COMMON_BLOCKS = YES;
				GCC_OPTIMIZATION_LEVEL = 0;
				GCC_PREPROCESSOR_DEFINITIONS = (
					"DEBUG=1",
					"$(inherited)",
				);
				GCC_WARN_64_TO_32_BIT_CONVERSION = YES;
				GCC_WARN_ABOUT_RETURN_TYPE = YES_ERROR;
				GCC_WARN_UNDECLARED_SELECTOR = YES;
				GCC_WARN_UNINITIALIZED_AUTOS = YES_AGGRESSIVE;
				GCC_WARN_UNUSED_FUNCTION = YES;
				GCC_WARN_UNUSED_VARIABLE = YES;
				IPHONEOS_DEPLOYMENT_TARGET = 12.0;
				MTL_ENABLE_DEBUG_INFO = INCLUDE_SOURCE;
				MTL_FAST_MATH = YES;
				ONLY_ACTIVE_ARCH = YES;
				SDKROOT = iphoneos;
				SWIFT_ACTIVE_COMPILATION_CONDITIONS = DEBUG;
				SWIFT_OPTIMIZATION_LEVEL = "-Onone";
			};
			name = Debug;
		};
		04A6513A21A4FB4A008D643B /* Release */ = {
			isa = XCBuildConfiguration;
			buildSettings = {
				ALWAYS_SEARCH_USER_PATHS = NO;
				CLANG_ANALYZER_NONNULL = YES;
				CLANG_ANALYZER_NUMBER_OBJECT_CONVERSION = YES_AGGRESSIVE;
				CLANG_CXX_LANGUAGE_STANDARD = "gnu++14";
				CLANG_CXX_LIBRARY = "libc++";
				CLANG_ENABLE_MODULES = YES;
				CLANG_ENABLE_OBJC_ARC = YES;
				CLANG_ENABLE_OBJC_WEAK = YES;
				CLANG_WARN_BLOCK_CAPTURE_AUTORELEASING = YES;
				CLANG_WARN_BOOL_CONVERSION = YES;
				CLANG_WARN_COMMA = YES;
				CLANG_WARN_CONSTANT_CONVERSION = YES;
				CLANG_WARN_DEPRECATED_OBJC_IMPLEMENTATIONS = YES;
				CLANG_WARN_DIRECT_OBJC_ISA_USAGE = YES_ERROR;
				CLANG_WARN_DOCUMENTATION_COMMENTS = YES;
				CLANG_WARN_EMPTY_BODY = YES;
				CLANG_WARN_ENUM_CONVERSION = YES;
				CLANG_WARN_INFINITE_RECURSION = YES;
				CLANG_WARN_INT_CONVERSION = YES;
				CLANG_WARN_NON_LITERAL_NULL_CONVERSION = YES;
				CLANG_WARN_OBJC_IMPLICIT_RETAIN_SELF = YES;
				CLANG_WARN_OBJC_LITERAL_CONVERSION = YES;
				CLANG_WARN_OBJC_ROOT_CLASS = YES_ERROR;
				CLANG_WARN_RANGE_LOOP_ANALYSIS = YES;
				CLANG_WARN_STRICT_PROTOTYPES = YES;
				CLANG_WARN_SUSPICIOUS_MOVE = YES;
				CLANG_WARN_UNGUARDED_AVAILABILITY = YES_AGGRESSIVE;
				CLANG_WARN_UNREACHABLE_CODE = YES;
				CLANG_WARN__DUPLICATE_METHOD_MATCH = YES;
				CODE_SIGN_IDENTITY = "iPhone Developer";
				COPY_PHASE_STRIP = NO;
				DEBUG_INFORMATION_FORMAT = "dwarf-with-dsym";
				ENABLE_NS_ASSERTIONS = NO;
				ENABLE_STRICT_OBJC_MSGSEND = YES;
				GCC_C_LANGUAGE_STANDARD = gnu11;
				GCC_NO_COMMON_BLOCKS = YES;
				GCC_WARN_64_TO_32_BIT_CONVERSION = YES;
				GCC_WARN_ABOUT_RETURN_TYPE = YES_ERROR;
				GCC_WARN_UNDECLARED_SELECTOR = YES;
				GCC_WARN_UNINITIALIZED_AUTOS = YES_AGGRESSIVE;
				GCC_WARN_UNUSED_FUNCTION = YES;
				GCC_WARN_UNUSED_VARIABLE = YES;
				IPHONEOS_DEPLOYMENT_TARGET = 12.0;
				MTL_ENABLE_DEBUG_INFO = NO;
				MTL_FAST_MATH = YES;
				SDKROOT = iphoneos;
				SWIFT_COMPILATION_MODE = wholemodule;
				SWIFT_OPTIMIZATION_LEVEL = "-O";
				VALIDATE_PRODUCT = YES;
			};
			name = Release;
		};
		04A6513C21A4FB4A008D643B /* Debug */ = {
			isa = XCBuildConfiguration;
			buildSettings = {
				ASSETCATALOG_COMPILER_APPICON_NAME = AppIcon;
				CODE_SIGN_STYLE = Automatic;
				INFOPLIST_FILE = guess/Info.plist;
				LD_RUNPATH_SEARCH_PATHS = (
					"$(inherited)",
					"@executable_path/Frameworks",
				);
				PRODUCT_BUNDLE_IDENTIFIER = "-581.guess";
				PRODUCT_NAME = "$(TARGET_NAME)";
				SWIFT_VERSION = 4.2;
				TARGETED_DEVICE_FAMILY = "1,2";
			};
			name = Debug;
		};
		04A6513D21A4FB4A008D643B /* Release */ = {
			isa = XCBuildConfiguration;
			buildSettings = {
				ASSETCATALOG_COMPILER_APPICON_NAME = AppIcon;
				CODE_SIGN_STYLE = Automatic;
				INFOPLIST_FILE = guess/Info.plist;
				LD_RUNPATH_SEARCH_PATHS = (
					"$(inherited)",
					"@executable_path/Frameworks",
				);
				PRODUCT_BUNDLE_IDENTIFIER = "-581.guess";
				PRODUCT_NAME = "$(TARGET_NAME)";
				SWIFT_VERSION = 4.2;
				TARGETED_DEVICE_FAMILY = "1,2";
			};
			name = Release;
		};
		04A6513F21A4FB4A008D643B /* Debug */ = {
			isa = XCBuildConfiguration;
			buildSettings = {
				ALWAYS_EMBED_SWIFT_STANDARD_LIBRARIES = YES;
				BUNDLE_LOADER = "$(TEST_HOST)";
				CODE_SIGN_STYLE = Automatic;
				INFOPLIST_FILE = guessTests/Info.plist;
				LD_RUNPATH_SEARCH_PATHS = (
					"$(inherited)",
					"@executable_path/Frameworks",
					"@loader_path/Frameworks",
				);
				PRODUCT_BUNDLE_IDENTIFIER = "-581.guessTests";
				PRODUCT_NAME = "$(TARGET_NAME)";
				SWIFT_VERSION = 4.2;
				TARGETED_DEVICE_FAMILY = "1,2";
				TEST_HOST = "$(BUILT_PRODUCTS_DIR)/guess.app/guess";
			};
			name = Debug;
		};
		04A6514021A4FB4A008D643B /* Release */ = {
			isa = XCBuildConfiguration;
			buildSettings = {
				ALWAYS_EMBED_SWIFT_STANDARD_LIBRARIES = YES;
				BUNDLE_LOADER = "$(TEST_HOST)";
				CODE_SIGN_STYLE = Automatic;
				INFOPLIST_FILE = guessTests/Info.plist;
				LD_RUNPATH_SEARCH_PATHS = (
					"$(inherited)",
					"@executable_path/Frameworks",
					"@loader_path/Frameworks",
				);
				PRODUCT_BUNDLE_IDENTIFIER = "-581.guessTests";
				PRODUCT_NAME = "$(TARGET_NAME)";
				SWIFT_VERSION = 4.2;
				TARGETED_DEVICE_FAMILY = "1,2";
				TEST_HOST = "$(BUILT_PRODUCTS_DIR)/guess.app/guess";
			};
			name = Release;
		};
		04A6514221A4FB4A008D643B /* Debug */ = {
			isa = XCBuildConfiguration;
			buildSettings = {
				ALWAYS_EMBED_SWIFT_STANDARD_LIBRARIES = YES;
				CODE_SIGN_STYLE = Automatic;
				INFOPLIST_FILE = guessUITests/Info.plist;
				LD_RUNPATH_SEARCH_PATHS = (
					"$(inherited)",
					"@executable_path/Frameworks",
					"@loader_path/Frameworks",
				);
				PRODUCT_BUNDLE_IDENTIFIER = "-581.guessUITests";
				PRODUCT_NAME = "$(TARGET_NAME)";
				SWIFT_VERSION = 4.2;
				TARGETED_DEVICE_FAMILY = "1,2";
				TEST_TARGET_NAME = guess;
			};
			name = Debug;
		};
		04A6514321A4FB4A008D643B /* Release */ = {
			isa = XCBuildConfiguration;
			buildSettings = {
				ALWAYS_EMBED_SWIFT_STANDARD_LIBRARIES = YES;
				CODE_SIGN_STYLE = Automatic;
				INFOPLIST_FILE = guessUITests/Info.plist;
				LD_RUNPATH_SEARCH_PATHS = (
					"$(inherited)",
					"@executable_path/Frameworks",
					"@loader_path/Frameworks",
				);
				PRODUCT_BUNDLE_IDENTIFIER = "-581.guessUITests";
				PRODUCT_NAME = "$(TARGET_NAME)";
				SWIFT_VERSION = 4.2;
				TARGETED_DEVICE_FAMILY = "1,2";
				TEST_TARGET_NAME = guess;
			};
			name = Release;
		};
/* End XCBuildConfiguration section */

/* Begin XCConfigurationList section */
		04A6510E21A4FB48008D643B /* Build configuration list for PBXProject "guess" */ = {
			isa = XCConfigurationList;
			buildConfigurations = (
				04A6513921A4FB4A008D643B /* Debug */,
				04A6513A21A4FB4A008D643B /* Release */,
			);
			defaultConfigurationIsVisible = 0;
			defaultConfigurationName = Release;
		};
		04A6513B21A4FB4A008D643B /* Build configuration list for PBXNativeTarget "guess" */ = {
			isa = XCConfigurationList;
			buildConfigurations = (
				04A6513C21A4FB4A008D643B /* Debug */,
				04A6513D21A4FB4A008D643B /* Release */,
			);
			defaultConfigurationIsVisible = 0;
			defaultConfigurationName = Release;
		};
		04A6513E21A4FB4A008D643B /* Build configuration list for PBXNativeTarget "guessTests" */ = {
			isa = XCConfigurationList;
			buildConfigurations = (
				04A6513F21A4FB4A008D643B /* Debug */,
				04A6514021A4FB4A008D643B /* Release */,
			);
			defaultConfigurationIsVisible = 0;
			defaultConfigurationName = Release;
		};
		04A6514121A4FB4A008D643B /* Build configuration list for PBXNativeTarget "guessUITests" */ = {
			isa = XCConfigurationList;
			buildConfigurations = (
				04A6514221A4FB4A008D643B /* Debug */,
				04A6514321A4FB4A008D643B /* Release */,
			);
			defaultConfigurationIsVisible = 0;
			defaultConfigurationName = Release;
		};
/* End XCConfigurationList section */
	};
	rootObject = 04A6510B21A4FB48008D643B /* Project object */;
}
